
Microsoft Visual Studio Solution File, Format Version 12.00
# Visual Studio Version 16
VisualStudioVersion = 16.0.31005.135
MinimumVisualStudioVersion = 10.0.40219.1
Project("{FAE04EC0-301F-11D3-BF4B-00C04F79EFBC}") = "StackCalculator", "StackCalculator.csproj", "{2E30EF04-FC11-47AC-9CC0-530FAB01AD68}"
EndProject
Global
	GlobalSection(SolutionConfigurationPlatforms) = preSolution
		Debug|Any CPU = Debug|Any CPU
		Release|Any CPU = Release|Any CPU
	EndGlobalSection
	GlobalSection(ProjectConfigurationPlatforms) = postSolution
		{2E30EF04-FC11-47AC-9CC0-530FAB01AD68}.Debug|Any CPU.ActiveCfg = Debug|Any CPU
		{2E30EF04-FC11-47AC-9CC0-530FAB01AD68}.Debug|Any CPU.Build.0 = Debug|Any CPU
		{2E30EF04-FC11-47AC-9CC0-530FAB01AD68}.Release|Any CPU.ActiveCfg = Release|Any CPU
		{2E30EF04-FC11-47AC-9CC0-530FAB01AD68}.Release|Any CPU.Build.0 = Release|Any CPU
	EndGlobalSection
	GlobalSection(SolutionProperties) = preSolution
		HideSolutionNode = FALSE
	EndGlobalSection
	GlobalSection(ExtensibilityGlobals) = postSolution
		SolutionGuid = {595E1A8B-F0B6-4B05-8606-15681B40FB15}
	EndGlobalSection
EndGlobal
